<?xml version="1.0" encoding="UTF-8" standalone="yes" ?>
<CodeBlocks_project_file>
	<FileVersion major="1" minor="6" />
	<Project>
		<Option title="TestConfig" />
		<Option pch_mode="2" />
		<Option compiler="cygwin" />
		<Build>
			<Target title="Debug">
				<Option output="obj\Debug\test" prefix_auto="1" extension_auto="1" />
				<Option object_output="obj\Debug\" />
				<Option type="1" />
				<Option compiler="cygwin" />
				<Compiler>
					<Add option="-Wall" />
					<Add option="-g" />
					<Add directory="..\..\.." />
					<Add directory="..\..\..\boost_1_33_1" />
				</Compiler>
				<Linker>
					<Add library="..\..\lib\ConfigParser_D.a" />
					<Add library="..\..\lib\Utilities_D.a" />
				</Linker>
			</Target>
			<Target title="Release">
				<Option output="obj\Release\test" prefix_auto="1" extension_auto="1" />
				<Option object_output="obj\Release\" />
				<Option type="1" />
				<Option compiler="cygwin" />
				<Compiler>
					<Add option="-fexpensive-optimizations" />
					<Add option="-Os" />
					<Add option="-O3" />
					<Add option="-O2" />
					<Add option="-O1" />
					<Add option="-O" />
					<Add option="-Wall" />
					<Add directory="..\..\..\boost_1_33_1" />
					<Add directory="..\..\.." />
				</Compiler>
				<Linker>
					<Add option="-s" />
					<Add library="..\..\lib\ConfigParser.a" />
					<Add library="..\..\lib\Utilities.a" />
				</Linker>
			</Target>
		</Build>
		<Unit filename="ConfigTester.cpp" />
		<Unit filename="ConfigTester.hpp" />
		<Unit filename="main.cpp" />
		<Extensions>
			<code_completion />
			<envvars />
			<debugger />
		</Extensions>
	</Project>
</CodeBlocks_project_file>
